
Microsoft Visual Studio Solution File, Format Version 12.00
# Visual Studio 14
VisualStudioVersion = 14.0.24720.0
MinimumVisualStudioVersion = 10.0.40219.1
Project("{FAE04EC0-301F-11D3-BF4B-00C04F79EFBC}") = "TeamPulseTests", "TeamPulseTests\TeamPulseTests.csproj", "{0F6A0C76-5ECA-4B42-AA89-258F135B58A7}"
EndProject
Project("{FAE04EC0-301F-11D3-BF4B-00C04F79EFBC}") = "TeamPulse", "TeamPulse\TeamPulse.csproj", "{4014E10B-8692-4EF0-89D3-36E8039EB6B8}"
EndProject
Global
	GlobalSection(SolutionConfigurationPlatforms) = preSolution
		Debug|Any CPU = Debug|Any CPU
		Release|Any CPU = Release|Any CPU
	EndGlobalSection
	GlobalSection(ProjectConfigurationPlatforms) = postSolution
		{0F6A0C76-5ECA-4B42-AA89-258F135B58A7}.Debug|Any CPU.ActiveCfg = Debug|Any CPU
		{0F6A0C76-5ECA-4B42-AA89-258F135B58A7}.Debug|Any CPU.Build.0 = Debug|Any CPU
		{0F6A0C76-5ECA-4B42-AA89-258F135B58A7}.Release|Any CPU.ActiveCfg = Release|Any CPU
		{0F6A0C76-5ECA-4B42-AA89-258F135B58A7}.Release|Any CPU.Build.0 = Release|Any CPU
		{4014E10B-8692-4EF0-89D3-36E8039EB6B8}.Debug|Any CPU.ActiveCfg = Debug|Any CPU
		{4014E10B-8692-4EF0-89D3-36E8039EB6B8}.Debug|Any CPU.Build.0 = Debug|Any CPU
		{4014E10B-8692-4EF0-89D3-36E8039EB6B8}.Release|Any CPU.ActiveCfg = Release|Any CPU
		{4014E10B-8692-4EF0-89D3-36E8039EB6B8}.Release|Any CPU.Build.0 = Release|Any CPU
	EndGlobalSection
	GlobalSection(SolutionProperties) = preSolution
		HideSolutionNode = FALSE
	EndGlobalSection
EndGlobal
